
Microsoft Visual Studio Solution File, Format Version 12.00
# Visual Studio Version 16
VisualStudioVersion = 16.0.31613.86
MinimumVisualStudioVersion = 10.0.40219.1
Project("{FAE04EC0-301F-11D3-BF4B-00C04F79EFBC}") = "01.Summator_App_Testing", "01.Summator_App_Testing\01.Summator_App_Testing.csproj", "{997CFD52-0D38-4B25-A67D-1FA6F7FC4181}"
EndProject
Global
	GlobalSection(SolutionConfigurationPlatforms) = preSolution
		Debug|Any CPU = Debug|Any CPU
		Release|Any CPU = Release|Any CPU
	EndGlobalSection
	GlobalSection(ProjectConfigurationPlatforms) = postSolution
		{997CFD52-0D38-4B25-A67D-1FA6F7FC4181}.Debug|Any CPU.ActiveCfg = Debug|Any CPU
		{997CFD52-0D38-4B25-A67D-1FA6F7FC4181}.Debug|Any CPU.Build.0 = Debug|Any CPU
		{997CFD52-0D38-4B25-A67D-1FA6F7FC4181}.Release|Any CPU.ActiveCfg = Release|Any CPU
		{997CFD52-0D38-4B25-A67D-1FA6F7FC4181}.Release|Any CPU.Build.0 = Release|Any CPU
	EndGlobalSection
	GlobalSection(SolutionProperties) = preSolution
		HideSolutionNode = FALSE
	EndGlobalSection
	GlobalSection(ExtensibilityGlobals) = postSolution
		SolutionGuid = {25DFA164-6537-4C5F-87AD-DB4C487EEA94}
	EndGlobalSection
EndGlobal
